<?xml version="1.0" encoding="utf-8"?>
<Project ToolsVersion="4.0" xmlns="http://schemas.microsoft.com/developer/msbuild/2003">
  <ItemGroup>
    <Filter Include="Resources">
      <UniqueIdentifier>{c0a9a049-45f6-4603-83ac-d7bfddf8765c}</UniqueIdentifier>
      <Extensions>txt</Extensions>
    </Filter>
  </ItemGroup>
  <ItemGroup>
    <Text Include="resources\matrix16.txt">
      <Filter>Resources</Filter>
    </Text>
    <Text Include="resources\matrix128.txt">
      <Filter>Resources</Filter>
    </Text>
    <Text Include="resources\matrix512.txt">
      <Filter>Resources</Filter>
    </Text>
    <Text Include="resources\matrix1024.txt">
      <Filter>Resources</Filter>
    </Text>
    <Text Include="resources\matrix2048.txt">
      <Filter>Resources</Filter>
    </Text>
  </ItemGroup>
</Project>